
Microsoft Visual Studio Solution File, Format Version 12.00
# Visual Studio 2015
Project("{FAE04EC0-301F-11D3-BF4B-00C04F79EFBC}") = "VENu-v11.CSharp.Plugins", "VENu-v11.CSharp.Plugins.csproj", "{379CA7B5-24D0-98D1-45CC-65CDB9BB57F4}"
EndProject
Project("{FAE04EC0-301F-11D3-BF4B-00C04F79EFBC}") = "VENu-v11.CSharp", "VENu-v11.CSharp.csproj", "{9AE167FF-A5FB-A607-75BB-63900181F766}"
EndProject
Project("{FAE04EC0-301F-11D3-BF4B-00C04F79EFBC}") = "VENu-v11.CSharp.Editor.Plugins", "VENu-v11.CSharp.Editor.Plugins.csproj", "{2627F48C-1C89-E7A9-125A-23A86DF2289E}"
EndProject
Project("{FAE04EC0-301F-11D3-BF4B-00C04F79EFBC}") = "VENu-v11.CSharp.Editor", "VENu-v11.CSharp.Editor.csproj", "{B13C2412-924C-BA28-9D5B-25A23D8D23C4}"
EndProject
Global
	GlobalSection(SolutionConfigurationPlatforms) = preSolution
		Debug|Any CPU = Debug|Any CPU
		Release|Any CPU = Release|Any CPU
	EndGlobalSection
	GlobalSection(ProjectConfigurationPlatforms) = postSolution
		{379CA7B5-24D0-98D1-45CC-65CDB9BB57F4}.Debug|Any CPU.ActiveCfg = Debug|Any CPU
		{379CA7B5-24D0-98D1-45CC-65CDB9BB57F4}.Debug|Any CPU.Build.0 = Debug|Any CPU
		{379CA7B5-24D0-98D1-45CC-65CDB9BB57F4}.Release|Any CPU.ActiveCfg = Release|Any CPU
		{379CA7B5-24D0-98D1-45CC-65CDB9BB57F4}.Release|Any CPU.Build.0 = Release|Any CPU
		{9AE167FF-A5FB-A607-75BB-63900181F766}.Debug|Any CPU.ActiveCfg = Debug|Any CPU
		{9AE167FF-A5FB-A607-75BB-63900181F766}.Debug|Any CPU.Build.0 = Debug|Any CPU
		{9AE167FF-A5FB-A607-75BB-63900181F766}.Release|Any CPU.ActiveCfg = Release|Any CPU
		{9AE167FF-A5FB-A607-75BB-63900181F766}.Release|Any CPU.Build.0 = Release|Any CPU
		{2627F48C-1C89-E7A9-125A-23A86DF2289E}.Debug|Any CPU.ActiveCfg = Debug|Any CPU
		{2627F48C-1C89-E7A9-125A-23A86DF2289E}.Debug|Any CPU.Build.0 = Debug|Any CPU
		{2627F48C-1C89-E7A9-125A-23A86DF2289E}.Release|Any CPU.ActiveCfg = Release|Any CPU
		{2627F48C-1C89-E7A9-125A-23A86DF2289E}.Release|Any CPU.Build.0 = Release|Any CPU
		{B13C2412-924C-BA28-9D5B-25A23D8D23C4}.Debug|Any CPU.ActiveCfg = Debug|Any CPU
		{B13C2412-924C-BA28-9D5B-25A23D8D23C4}.Debug|Any CPU.Build.0 = Debug|Any CPU
		{B13C2412-924C-BA28-9D5B-25A23D8D23C4}.Release|Any CPU.ActiveCfg = Release|Any CPU
		{B13C2412-924C-BA28-9D5B-25A23D8D23C4}.Release|Any CPU.Build.0 = Release|Any CPU
	EndGlobalSection
	GlobalSection(SolutionProperties) = preSolution
		HideSolutionNode = FALSE
	EndGlobalSection
EndGlobal
